<?xml version="1.0" encoding="utf-8"?>
<Project ToolsVersion="4.0" xmlns="http://schemas.microsoft.com/developer/msbuild/2003">
  <ItemGroup>
    <Filter Include="Source Files">
      <UniqueIdentifier>{4FC737F1-C7A5-4376-A066-2A32D752A2FF}</UniqueIdentifier>
      <Extensions>cpp;c;cc;cxx;c++;cppm;ixx;def;odl;idl;hpj;bat;asm;asmx</Extensions>
    </Filter>
    <Filter Include="Header Files">
      <UniqueIdentifier>{93995380-89BD-4b04-88EB-625FBE52EBFB}</UniqueIdentifier>
      <Extensions>h;hh;hpp;hxx;h++;hm;inl;inc;ipp;xsd</Extensions>
    </Filter>
    <Filter Include="Resource Files">
      <UniqueIdentifier>{67DA6AB6-F800-4c08-8B7A-83BB121AAD01}</UniqueIdentifier>
      <Extensions>rc;ico;cur;bmp;dlg;rc2;rct;bin;rgs;gif;jpg;jpeg;jpe;resx;tiff;tif;png;wav;mfcribbon-ms</Extensions>
    </Filter>
  </ItemGroup>
  <ItemGroup>
    <ClCompile Include="src\AzurEngine\Mouse.cpp">
      <Filter>Source Files</Filter>
    </ClCompile>
    <ClCompile Include="src\AzurEngine\InputHandler.cpp">
      <Filter>Source Files</Filter>
    </ClCompile>
    <ClCompile Include="src\AzurEngine\Components\Player.cpp">
      <Filter>Source Files</Filter>
    </ClCompile>
    <ClCompile Include="src\AzurEngine\Components\PlayField.cpp">
      <Filter>Source Files</Filter>
    </ClCompile>
    <ClCompile Include="src\AzurEngine\Components\Text.cpp">
      <Filter>Source Files</Filter>
    </ClCompile>
    <ClCompile Include="src\AzurEngine\Components\Bullet.cpp">
      <Filter>Source Files</Filter>
    </ClCompile>
    <ClCompile Include="src\AzurEngine\Components\Sprite.cpp">
      <Filter>Source Files</Filter>
    </ClCompile>
    <ClCompile Include="src\AzurEngine\Components\Position.cpp">
      <Filter>Source Files</Filter>
    </ClCompile>
    <ClCompile Include="src\AzurEngine\Application.cpp">
      <Filter>Source Files</Filter>
    </ClCompile>
    <ClCompile Include="src\AzurEngine\Components\BoxCollider.cpp">
      <Filter>Source Files</Filter>
    </ClCompile>
    <ClCompile Include="src\AzurEngine\Components\BulletSpawner.cpp">
      <Filter>Source Files</Filter>
    </ClCompile>
    <ClCompile Include="src\AzurEngine\Components\CircleCollider.cpp">
      <Filter>Source Files</Filter>
    </ClCompile>
    <ClCompile Include="src\AzurEngine\Components\Collider.cpp">
      <Filter>Source Files</Filter>
    </ClCompile>
    <ClCompile Include="src\AzurEngine\AzurLib\AzurMath.cpp">
      <Filter>Source Files</Filter>
    </ClCompile>
    <ClCompile Include="src\AzurEngine\Components\Stage.cpp">
      <Filter>Source Files</Filter>
    </ClCompile>
    <ClCompile Include="src\AzurEngine\BulletTemplate.h">
      <Filter>Source Files</Filter>
    </ClCompile>
    <ClCompile Include="src\AzurEngine\AzurDebug.cpp">
      <Filter>Source Files</Filter>
    </ClCompile>
    <ClCompile Include="src\AzurEngine\ECS\Component.h">
      <Filter>Source Files</Filter>
    </ClCompile>
    <ClCompile Include="src\AzurEngine\ECS\Tag.h">
      <Filter>Source Files</Filter>
    </ClCompile>
    <ClCompile Include="src\AzurEngine\ECS\ECSManager.cpp">
      <Filter>Source Files</Filter>
    </ClCompile>
    <ClCompile Include="src\AzurEngine\AssetManager.cpp">
      <Filter>Source Files</Filter>
    </ClCompile>
    <ClCompile Include="src\AzurEngine\Components.h">
      <Filter>Source Files</Filter>
    </ClCompile>
    <ClCompile Include="src\AzurEngine\Systems.h">
      <Filter>Source Files</Filter>
    </ClCompile>
    <ClCompile Include="src\AzurEngine\ECS\Entity.cpp">
      <Filter>Source Files</Filter>
    </ClCompile>
    <ClCompile Include="src\AzurEngine\Systems\BulletSystem.cpp">
      <Filter>Source Files</Filter>
    </ClCompile>
    <ClCompile Include="src\AzurEngine\Systems\CollisionSystem.cpp">
      <Filter>Source Files</Filter>
    </ClCompile>
    <ClCompile Include="src\AzurEngine\Systems\SpriteSystem.cpp">
      <Filter>Source Files</Filter>
    </ClCompile>
    <ClCompile Include="src\AzurEngine\Systems\StageSystem.cpp">
      <Filter>Source Files</Filter>
    </ClCompile>
    <ClCompile Include="src\AzurEngine\Systems\UISystem.cpp">
      <Filter>Source Files</Filter>
    </ClCompile>
    <ClCompile Include="src\global.cpp">
      <Filter>Source Files</Filter>
    </ClCompile>
    <ClCompile Include="src\AzurEngine\glad.c">
      <Filter>Source Files</Filter>
    </ClCompile>
    <ClCompile Include="src\AzurEngine\Systems\PlayerSystem.cpp">
      <Filter>Source Files</Filter>
    </ClCompile>
  </ItemGroup>
  <ItemGroup>
    <ClInclude Include="src\AzurEngine\ECS.h">
      <Filter>Header Files</Filter>
    </ClInclude>
    <ClInclude Include="src\AzurEngine\Mouse.h">
      <Filter>Header Files</Filter>
    </ClInclude>
    <ClInclude Include="src\AzurEngine\InputHandler.h">
      <Filter>Header Files</Filter>
    </ClInclude>
    <ClInclude Include="src\AzurEngine\Components\Player.h">
      <Filter>Header Files</Filter>
    </ClInclude>
    <ClInclude Include="src\AzurEngine\Components\PlayField.h">
      <Filter>Header Files</Filter>
    </ClInclude>
    <ClInclude Include="src\AzurEngine\Components\Text.h">
      <Filter>Header Files</Filter>
    </ClInclude>
    <ClInclude Include="src\AzurEngine\AzurDebug.h">
      <Filter>Header Files</Filter>
    </ClInclude>
    <ClInclude Include="src\AzurEngine\Components\Bullet.h">
      <Filter>Header Files</Filter>
    </ClInclude>
    <ClInclude Include="src\AzurEngine\Components\Sprite.h">
      <Filter>Header Files</Filter>
    </ClInclude>
    <ClInclude Include="src\AzurEngine\Components\Position.h">
      <Filter>Header Files</Filter>
    </ClInclude>
    <ClInclude Include="src\AzurEngine\Application.h">
      <Filter>Header Files</Filter>
    </ClInclude>
    <ClInclude Include="src\AzurEngine\Components\BoxCollider.h">
      <Filter>Header Files</Filter>
    </ClInclude>
    <ClInclude Include="src\AzurEngine\AzurLib\vector2float.h">
      <Filter>Header Files</Filter>
    </ClInclude>
    <ClInclude Include="src\AzurEngine\Components\BulletSpawner.h">
      <Filter>Header Files</Filter>
    </ClInclude>
    <ClInclude Include="src\AzurEngine\AzurLib\vector2int.h">
      <Filter>Header Files</Filter>
    </ClInclude>
    <ClInclude Include="src\AzurEngine\Components\CircleCollider.h">
      <Filter>Header Files</Filter>
    </ClInclude>
    <ClInclude Include="src\AzurEngine\Components\Collider.h">
      <Filter>Header Files</Filter>
    </ClInclude>
    <ClInclude Include="src\AzurEngine\AzurLib\AzurMath.h">
      <Filter>Header Files</Filter>
    </ClInclude>
    <ClInclude Include="src\AzurEngine\Components\Stage.h">
      <Filter>Header Files</Filter>
    </ClInclude>
    <ClInclude Include="src\AzurEngine\AzurLib\AzurMemoryLeakFinder.h">
      <Filter>Header Files</Filter>
    </ClInclude>
    <ClInclude Include="src\AzurEngine\SpriteData.h">
      <Filter>Header Files</Filter>
    </ClInclude>
    <ClInclude Include="src\AzurEngine\BulletPool.h">
      <Filter>Header Files</Filter>
    </ClInclude>
    <ClInclude Include="src\AzurEngine\Components\BulletType.h">
      <Filter>Header Files</Filter>
    </ClInclude>
    <ClInclude Include="src\AzurEngine\ECS\Entity.h">
      <Filter>Header Files</Filter>
    </ClInclude>
    <ClInclude Include="src\AzurEngine\AzurLib.h">
      <Filter>Header Files</Filter>
    </ClInclude>
    <ClInclude Include="src\AzurEngine\ECS\ECSManager.h">
      <Filter>Header Files</Filter>
    </ClInclude>
    <ClInclude Include="src\AzurEngine\Components\TextAlignment.h">
      <Filter>Header Files</Filter>
    </ClInclude>
    <ClInclude Include="src\AzurEngine\ECS\System.h">
      <Filter>Header Files</Filter>
    </ClInclude>
    <ClInclude Include="src\AzurEngine\AssetManager.h">
      <Filter>Header Files</Filter>
    </ClInclude>
    <ClInclude Include="src\AzurEngine\Systems\UISystem.h">
      <Filter>Header Files</Filter>
    </ClInclude>
    <ClInclude Include="src\AzurEngine\Systems\BulletSystem.h">
      <Filter>Header Files</Filter>
    </ClInclude>
    <ClInclude Include="src\AzurEngine\Systems\CollisionSystem.h">
      <Filter>Header Files</Filter>
    </ClInclude>
    <ClInclude Include="src\AzurEngine\Systems\SpriteSystem.h">
      <Filter>Header Files</Filter>
    </ClInclude>
    <ClInclude Include="src\AzurEngine\Systems\StageSystem.h">
      <Filter>Header Files</Filter>
    </ClInclude>
    <ClInclude Include="src\AzurEngine.h">
      <Filter>Header Files</Filter>
    </ClInclude>
    <ClInclude Include="src\AzurEngine\Core.h">
      <Filter>Header Files</Filter>
    </ClInclude>
    <ClInclude Include="src\AzurEngine\EntryPoint.h">
      <Filter>Header Files</Filter>
    </ClInclude>
    <ClInclude Include="src\global.h">
      <Filter>Header Files</Filter>
    </ClInclude>
    <ClInclude Include="src\AzurEngine\util.h">
      <Filter>Header Files</Filter>
    </ClInclude>
    <ClInclude Include="src\AzurEngine\Systems\PlayerSystem.h">
      <Filter>Header Files</Filter>
    </ClInclude>
  </ItemGroup>
</Project>