<?xml version="1.0" encoding="utf-8"?>
<Project ToolsVersion="4.0" xmlns="http://schemas.microsoft.com/developer/msbuild/2003">
  <ItemGroup>
    <Filter Include="Source Files">
      <UniqueIdentifier>{4FC737F1-C7A5-4376-A066-2A32D752A2FF}</UniqueIdentifier>
      <Extensions>cpp;c;cc;cxx;c++;cppm;ixx;def;odl;idl;hpj;bat;asm;asmx</Extensions>
    </Filter>
    <Filter Include="Header Files">
      <UniqueIdentifier>{93995380-89BD-4b04-88EB-625FBE52EBFB}</UniqueIdentifier>
      <Extensions>h;hh;hpp;hxx;h++;hm;inl;inc;ipp;xsd</Extensions>
    </Filter>
    <Filter Include="Resource Files">
      <UniqueIdentifier>{67DA6AB6-F800-4c08-8B7A-83BB121AAD01}</UniqueIdentifier>
      <Extensions>rc;ico;cur;bmp;dlg;rc2;rct;bin;rgs;gif;jpg;jpeg;jpe;resx;tiff;tif;png;wav;mfcribbon-ms</Extensions>
    </Filter>
  </ItemGroup>
  <ItemGroup>
    <ClCompile Include="src\Main.cpp">
      <Filter>Source Files</Filter>
    </ClCompile>
    <ClCompile Include="src\Mouse.cpp">
      <Filter>Source Files</Filter>
    </ClCompile>
    <ClCompile Include="src\InputHandler.cpp">
      <Filter>Source Files</Filter>
    </ClCompile>
    <ClCompile Include="src\ECS\Component\Player.cpp">
      <Filter>Source Files</Filter>
    </ClCompile>
    <ClCompile Include="src\ECS\Component\PlayField.cpp">
      <Filter>Source Files</Filter>
    </ClCompile>
    <ClCompile Include="src\ECS\Component\Text.cpp">
      <Filter>Source Files</Filter>
    </ClCompile>
    <ClCompile Include="src\ECS\Component\Bullet.cpp">
      <Filter>Source Files</Filter>
    </ClCompile>
    <ClCompile Include="src\ECS\Component\Sprite.cpp">
      <Filter>Source Files</Filter>
    </ClCompile>
    <ClCompile Include="src\ECS\Component\Position.cpp">
      <Filter>Source Files</Filter>
    </ClCompile>
    <ClCompile Include="src\Application.cpp">
      <Filter>Source Files</Filter>
    </ClCompile>
    <ClCompile Include="src\ECS\Component\BoxCollider.cpp">
      <Filter>Source Files</Filter>
    </ClCompile>
    <ClCompile Include="src\CollisionManager.cpp">
      <Filter>Source Files</Filter>
    </ClCompile>
    <ClCompile Include="src\ECS\Component\BulletSpawner.cpp">
      <Filter>Source Files</Filter>
    </ClCompile>
    <ClCompile Include="src\ECS\Component\CircleCollider.cpp">
      <Filter>Source Files</Filter>
    </ClCompile>
    <ClCompile Include="src\ECS\Component\Collider.cpp">
      <Filter>Source Files</Filter>
    </ClCompile>
    <ClCompile Include="src\AzurLib\AzurMath.cpp">
      <Filter>Source Files</Filter>
    </ClCompile>
    <ClCompile Include="src\ECS\Component\Stage.cpp">
      <Filter>Source Files</Filter>
    </ClCompile>
    <ClCompile Include="src\SpriteManager.cpp">
      <Filter>Source Files</Filter>
    </ClCompile>
    <ClCompile Include="src\BulletTemplate.h">
      <Filter>Source Files</Filter>
    </ClCompile>
    <ClCompile Include="src\AzurDebug.cpp">
      <Filter>Source Files</Filter>
    </ClCompile>
    <ClCompile Include="src\ECS\ECS_Component.h">
      <Filter>Source Files</Filter>
    </ClCompile>
    <ClCompile Include="src\ECS\ECS_Tag.h">
      <Filter>Source Files</Filter>
    </ClCompile>
    <ClCompile Include="src\ECS\ECS_Manager.cpp">
      <Filter>Source Files</Filter>
    </ClCompile>
    <ClCompile Include="src\ECS\ECS_Entity.cpp">
      <Filter>Source Files</Filter>
    </ClCompile>
    <ClCompile Include="src\TextManager.cpp">
      <Filter>Source Files</Filter>
    </ClCompile>
    <ClCompile Include="src\StageSystem.cpp">
      <Filter>Source Files</Filter>
    </ClCompile>
  </ItemGroup>
  <ItemGroup>
    <ClInclude Include="src\ECS.h">
      <Filter>Header Files</Filter>
    </ClInclude>
    <ClInclude Include="src\Mouse.h">
      <Filter>Header Files</Filter>
    </ClInclude>
    <ClInclude Include="src\InputHandler.h">
      <Filter>Header Files</Filter>
    </ClInclude>
    <ClInclude Include="src\ECS\Component\Player.h">
      <Filter>Header Files</Filter>
    </ClInclude>
    <ClInclude Include="src\ECS\Component\PlayField.h">
      <Filter>Header Files</Filter>
    </ClInclude>
    <ClInclude Include="src\ECS\Component\Text.h">
      <Filter>Header Files</Filter>
    </ClInclude>
    <ClInclude Include="src\AzurDebug.h">
      <Filter>Header Files</Filter>
    </ClInclude>
    <ClInclude Include="src\ECS\Component\Bullet.h">
      <Filter>Header Files</Filter>
    </ClInclude>
    <ClInclude Include="src\ECS\Component\Sprite.h">
      <Filter>Header Files</Filter>
    </ClInclude>
    <ClInclude Include="src\ECS\Component\Position.h">
      <Filter>Header Files</Filter>
    </ClInclude>
    <ClInclude Include="src\Application.h">
      <Filter>Header Files</Filter>
    </ClInclude>
    <ClInclude Include="src\ECS\Component\BoxCollider.h">
      <Filter>Header Files</Filter>
    </ClInclude>
    <ClInclude Include="src\AzurLib\vector2float.h">
      <Filter>Header Files</Filter>
    </ClInclude>
    <ClInclude Include="src\CollisionManager.h">
      <Filter>Header Files</Filter>
    </ClInclude>
    <ClInclude Include="src\ECS\Component\BulletSpawner.h">
      <Filter>Header Files</Filter>
    </ClInclude>
    <ClInclude Include="src\AzurLib\vector2int.h">
      <Filter>Header Files</Filter>
    </ClInclude>
    <ClInclude Include="src\ECS\Component\CircleCollider.h">
      <Filter>Header Files</Filter>
    </ClInclude>
    <ClInclude Include="src\ECS\Component\Collider.h">
      <Filter>Header Files</Filter>
    </ClInclude>
    <ClInclude Include="src\AzurLib\AzurMath.h">
      <Filter>Header Files</Filter>
    </ClInclude>
    <ClInclude Include="src\ECS\Component\Stage.h">
      <Filter>Header Files</Filter>
    </ClInclude>
    <ClInclude Include="src\AzurLib\AzurMemoryLeakFinder.h">
      <Filter>Header Files</Filter>
    </ClInclude>
    <ClInclude Include="src\SpriteManager.h">
      <Filter>Header Files</Filter>
    </ClInclude>
    <ClInclude Include="src\SpriteData.h">
      <Filter>Header Files</Filter>
    </ClInclude>
    <ClInclude Include="src\BulletPool.h">
      <Filter>Header Files</Filter>
    </ClInclude>
    <ClInclude Include="src\ECS\Component\BulletType.h">
      <Filter>Header Files</Filter>
    </ClInclude>
    <ClInclude Include="src\ECS\ECS_Entity.h">
      <Filter>Header Files</Filter>
    </ClInclude>
    <ClInclude Include="src\AzurLib.h">
      <Filter>Header Files</Filter>
    </ClInclude>
    <ClInclude Include="src\ECS\ECS_Manager.h">
      <Filter>Header Files</Filter>
    </ClInclude>
    <ClInclude Include="src\TextManager.h">
      <Filter>Header Files</Filter>
    </ClInclude>
    <ClInclude Include="src\StageSystem.h">
      <Filter>Header Files</Filter>
    </ClInclude>
    <ClInclude Include="src\ECS\Component\TextAlignment.h">
      <Filter>Header Files</Filter>
    </ClInclude>
  </ItemGroup>
</Project>